
Microsoft Visual Studio Solution File, Format Version 12.00
# Visual Studio 14
VisualStudioVersion = 14.0.25420.1
MinimumVisualStudioVersion = 10.0.40219.1
Project("{FAE04EC0-301F-11D3-BF4B-00C04F79EFBC}") = "SibersTestProject", "SibersTestProject\SibersTestProject.csproj", "{E7EF6A8C-8216-430F-95C8-399BC552B6C0}"
EndProject
Project("{2150E333-8FDC-42A3-9474-1A3956D46DE8}") = "Data", "Data", "{66F07200-0353-4483-BE7A-790F4FEE99F6}"
EndProject
Project("{2150E333-8FDC-42A3-9474-1A3956D46DE8}") = "Logic", "Logic", "{0EDCE118-52FC-4B1F-B6CC-C6E74A61E820}"
EndProject
Project("{2150E333-8FDC-42A3-9474-1A3956D46DE8}") = "Common", "Common", "{BFCB3603-280A-4B00-879B-A561762C172A}"
EndProject
Project("{FAE04EC0-301F-11D3-BF4B-00C04F79EFBC}") = "SibersTestProject.Data.DAL", "SibersTestProject.Data.DAL\SibersTestProject.Data.DAL.csproj", "{C48FA20A-C99D-48B8-A96D-257324B2A304}"
EndProject
Project("{FAE04EC0-301F-11D3-BF4B-00C04F79EFBC}") = "SibersTestProject.Data.Contracts", "SibersTestProject.Data.Contracts\SibersTestProject.Data.Contracts.csproj", "{9C6259FE-31E9-4B6F-8F28-2C24D894E3A0}"
EndProject
Project("{FAE04EC0-301F-11D3-BF4B-00C04F79EFBC}") = "SibersTestProject.Logic.Contracts", "SibersTestProject.Logic.Contracts\SibersTestProject.Logic.Contracts.csproj", "{1A9C0673-B0E8-4669-9D94-BD8A00E6BFB2}"
EndProject
Project("{FAE04EC0-301F-11D3-BF4B-00C04F79EFBC}") = "SibersTestProject.Logic.BL", "SibersTestProject.Logic.BL\SibersTestProject.Logic.BL.csproj", "{BE8C69B1-0454-41DF-AE6B-0C7B57F93DBF}"
EndProject
Global
	GlobalSection(SolutionConfigurationPlatforms) = preSolution
		Debug|Any CPU = Debug|Any CPU
		Release|Any CPU = Release|Any CPU
	EndGlobalSection
	GlobalSection(ProjectConfigurationPlatforms) = postSolution
		{E7EF6A8C-8216-430F-95C8-399BC552B6C0}.Debug|Any CPU.ActiveCfg = Debug|Any CPU
		{E7EF6A8C-8216-430F-95C8-399BC552B6C0}.Debug|Any CPU.Build.0 = Debug|Any CPU
		{E7EF6A8C-8216-430F-95C8-399BC552B6C0}.Release|Any CPU.ActiveCfg = Release|Any CPU
		{E7EF6A8C-8216-430F-95C8-399BC552B6C0}.Release|Any CPU.Build.0 = Release|Any CPU
		{C48FA20A-C99D-48B8-A96D-257324B2A304}.Debug|Any CPU.ActiveCfg = Debug|Any CPU
		{C48FA20A-C99D-48B8-A96D-257324B2A304}.Debug|Any CPU.Build.0 = Debug|Any CPU
		{C48FA20A-C99D-48B8-A96D-257324B2A304}.Release|Any CPU.ActiveCfg = Release|Any CPU
		{C48FA20A-C99D-48B8-A96D-257324B2A304}.Release|Any CPU.Build.0 = Release|Any CPU
		{9C6259FE-31E9-4B6F-8F28-2C24D894E3A0}.Debug|Any CPU.ActiveCfg = Debug|Any CPU
		{9C6259FE-31E9-4B6F-8F28-2C24D894E3A0}.Debug|Any CPU.Build.0 = Debug|Any CPU
		{9C6259FE-31E9-4B6F-8F28-2C24D894E3A0}.Release|Any CPU.ActiveCfg = Release|Any CPU
		{9C6259FE-31E9-4B6F-8F28-2C24D894E3A0}.Release|Any CPU.Build.0 = Release|Any CPU
		{1A9C0673-B0E8-4669-9D94-BD8A00E6BFB2}.Debug|Any CPU.ActiveCfg = Debug|Any CPU
		{1A9C0673-B0E8-4669-9D94-BD8A00E6BFB2}.Debug|Any CPU.Build.0 = Debug|Any CPU
		{1A9C0673-B0E8-4669-9D94-BD8A00E6BFB2}.Release|Any CPU.ActiveCfg = Release|Any CPU
		{1A9C0673-B0E8-4669-9D94-BD8A00E6BFB2}.Release|Any CPU.Build.0 = Release|Any CPU
		{BE8C69B1-0454-41DF-AE6B-0C7B57F93DBF}.Debug|Any CPU.ActiveCfg = Debug|Any CPU
		{BE8C69B1-0454-41DF-AE6B-0C7B57F93DBF}.Debug|Any CPU.Build.0 = Debug|Any CPU
		{BE8C69B1-0454-41DF-AE6B-0C7B57F93DBF}.Release|Any CPU.ActiveCfg = Release|Any CPU
		{BE8C69B1-0454-41DF-AE6B-0C7B57F93DBF}.Release|Any CPU.Build.0 = Release|Any CPU
	EndGlobalSection
	GlobalSection(SolutionProperties) = preSolution
		HideSolutionNode = FALSE
	EndGlobalSection
	GlobalSection(NestedProjects) = preSolution
		{C48FA20A-C99D-48B8-A96D-257324B2A304} = {66F07200-0353-4483-BE7A-790F4FEE99F6}
		{9C6259FE-31E9-4B6F-8F28-2C24D894E3A0} = {66F07200-0353-4483-BE7A-790F4FEE99F6}
		{1A9C0673-B0E8-4669-9D94-BD8A00E6BFB2} = {0EDCE118-52FC-4B1F-B6CC-C6E74A61E820}
		{BE8C69B1-0454-41DF-AE6B-0C7B57F93DBF} = {0EDCE118-52FC-4B1F-B6CC-C6E74A61E820}
	EndGlobalSection
EndGlobal
